
Microsoft Visual Studio Solution File, Format Version 12.00
Project("{FAE04EC0-301F-11D3-BF4B-00C04F79EFBC}") = "OpenRNG.Api", "OpenRNG.Api\OpenRNG.Api.csproj", "{DD9A677C-B3A2-421B-8D6C-FD82E9AB809C}"
EndProject
Project("{FAE04EC0-301F-11D3-BF4B-00C04F79EFBC}") = "OpenRNG.Tests", "OpenRNG.Tests\OpenRNG.Tests.csproj", "{1A3CD311-94CC-40AE-B28A-DA06FED49E80}"
EndProject
Project("{FAE04EC0-301F-11D3-BF4B-00C04F79EFBC}") = "OpenRNG.Core", "OpenRNG.Core\OpenRNG.Core.csproj", "{28AA2AF5-3313-4F9C-9043-0C43BAE7672E}"
EndProject
Global
	GlobalSection(SolutionConfigurationPlatforms) = preSolution
		Debug|Any CPU = Debug|Any CPU
		Release|Any CPU = Release|Any CPU
	EndGlobalSection
	GlobalSection(ProjectConfigurationPlatforms) = postSolution
		{DD9A677C-B3A2-421B-8D6C-FD82E9AB809C}.Debug|Any CPU.ActiveCfg = Debug|Any CPU
		{DD9A677C-B3A2-421B-8D6C-FD82E9AB809C}.Debug|Any CPU.Build.0 = Debug|Any CPU
		{DD9A677C-B3A2-421B-8D6C-FD82E9AB809C}.Release|Any CPU.ActiveCfg = Release|Any CPU
		{DD9A677C-B3A2-421B-8D6C-FD82E9AB809C}.Release|Any CPU.Build.0 = Release|Any CPU
		{1A3CD311-94CC-40AE-B28A-DA06FED49E80}.Debug|Any CPU.ActiveCfg = Debug|Any CPU
		{1A3CD311-94CC-40AE-B28A-DA06FED49E80}.Debug|Any CPU.Build.0 = Debug|Any CPU
		{1A3CD311-94CC-40AE-B28A-DA06FED49E80}.Release|Any CPU.ActiveCfg = Release|Any CPU
		{1A3CD311-94CC-40AE-B28A-DA06FED49E80}.Release|Any CPU.Build.0 = Release|Any CPU
		{28AA2AF5-3313-4F9C-9043-0C43BAE7672E}.Debug|Any CPU.ActiveCfg = Debug|Any CPU
		{28AA2AF5-3313-4F9C-9043-0C43BAE7672E}.Debug|Any CPU.Build.0 = Debug|Any CPU
		{28AA2AF5-3313-4F9C-9043-0C43BAE7672E}.Release|Any CPU.ActiveCfg = Release|Any CPU
		{28AA2AF5-3313-4F9C-9043-0C43BAE7672E}.Release|Any CPU.Build.0 = Release|Any CPU
	EndGlobalSection
EndGlobal
