
Microsoft Visual Studio Solution File, Format Version 12.00
Project("{FAE04EC0-301F-11D3-BF4B-00C04F79EFBC}") = "OpenRNG.Api", "OpenRNG.Api\OpenRNG.Api.csproj", "{DD9A677C-B3A2-421B-8D6C-FD82E9AB809C}"
EndProject
Global
	GlobalSection(SolutionConfigurationPlatforms) = preSolution
		Debug|Any CPU = Debug|Any CPU
		Release|Any CPU = Release|Any CPU
	EndGlobalSection
	GlobalSection(ProjectConfigurationPlatforms) = postSolution
		{DD9A677C-B3A2-421B-8D6C-FD82E9AB809C}.Debug|Any CPU.ActiveCfg = Debug|Any CPU
		{DD9A677C-B3A2-421B-8D6C-FD82E9AB809C}.Debug|Any CPU.Build.0 = Debug|Any CPU
		{DD9A677C-B3A2-421B-8D6C-FD82E9AB809C}.Release|Any CPU.ActiveCfg = Release|Any CPU
		{DD9A677C-B3A2-421B-8D6C-FD82E9AB809C}.Release|Any CPU.Build.0 = Release|Any CPU
	EndGlobalSection
EndGlobal
